// !$*UTF8*$!
{
	archiveVersion = 1;
	classes = {
	};
	objectVersion = 50;
	objects = {

/* Begin PBXBuildFile section */
		14D40BA826D2D518008C6047 /* AppDelegate.swift in Sources */ = {isa = PBXBuildFile; fileRef = 14D40BA726D2D518008C6047 /* AppDelegate.swift */; };
		14D40BAA26D2D518008C6047 /* SceneDelegate.swift in Sources */ = {isa = PBXBuildFile; fileRef = 14D40BA926D2D518008C6047 /* SceneDelegate.swift */; };
		14D40BAC26D2D518008C6047 /* ToDoViewController.swift in Sources */ = {isa = PBXBuildFile; fileRef = 14D40BAB26D2D518008C6047 /* ToDoViewController.swift */; };
		14D40BAF26D2D518008C6047 /* Main.storyboard in Resources */ = {isa = PBXBuildFile; fileRef = 14D40BAD26D2D518008C6047 /* Main.storyboard */; };
		14D40BB126D2D523008C6047 /* Assets.xcassets in Resources */ = {isa = PBXBuildFile; fileRef = 14D40BB026D2D523008C6047 /* Assets.xcassets */; };
		14D40BB426D2D523008C6047 /* LaunchScreen.storyboard in Resources */ = {isa = PBXBuildFile; fileRef = 14D40BB226D2D523008C6047 /* LaunchScreen.storyboard */; };
		14D46D2526D392C7001B7D8B /* ToDoTableViewCell.swift in Sources */ = {isa = PBXBuildFile; fileRef = 14D46D2426D392C7001B7D8B /* ToDoTableViewCell.swift */; };
/* End PBXBuildFile section */

/* Begin PBXFileReference section */
		14D40BA426D2D518008C6047 /* ToDoAlamofire.app */ = {isa = PBXFileReference; explicitFileType = wrapper.application; includeInIndex = 0; path = ToDoAlamofire.app; sourceTree = BUILT_PRODUCTS_DIR; };
		14D40BA726D2D518008C6047 /* AppDelegate.swift */ = {isa = PBXFileReference; lastKnownFileType = sourcecode.swift; path = AppDelegate.swift; sourceTree = "<group>"; };
		14D40BA926D2D518008C6047 /* SceneDelegate.swift */ = {isa = PBXFileReference; lastKnownFileType = sourcecode.swift; path = SceneDelegate.swift; sourceTree = "<group>"; };
		14D40BAB26D2D518008C6047 /* ToDoViewController.swift */ = {isa = PBXFileReference; lastKnownFileType = sourcecode.swift; path = ToDoViewController.swift; sourceTree = "<group>"; };
		14D40BAE26D2D518008C6047 /* Base */ = {isa = PBXFileReference; lastKnownFileType = file.storyboard; name = Base; path = Base.lproj/Main.storyboard; sourceTree = "<group>"; };
		14D40BB026D2D523008C6047 /* Assets.xcassets */ = {isa = PBXFileReference; lastKnownFileType = folder.assetcatalog; path = Assets.xcassets; sourceTree = "<group>"; };
		14D40BB326D2D523008C6047 /* Base */ = {isa = PBXFileReference; lastKnownFileType = file.storyboard; name = Base; path = Base.lproj/LaunchScreen.storyboard; sourceTree = "<group>"; };
		14D40BB526D2D523008C6047 /* Info.plist */ = {isa = PBXFileReference; lastKnownFileType = text.plist.xml; path = Info.plist; sourceTree = "<group>"; };
		14D46D2426D392C7001B7D8B /* ToDoTableViewCell.swift */ = {isa = PBXFileReference; lastKnownFileType = sourcecode.swift; path = ToDoTableViewCell.swift; sourceTree = "<group>"; };
/* End PBXFileReference section */

/* Begin PBXFrameworksBuildPhase section */
		14D40BA126D2D517008C6047 /* Frameworks */ = {
			isa = PBXFrameworksBuildPhase;
			buildActionMask = 2147483647;
			files = (
			);
			runOnlyForDeploymentPostprocessing = 0;
		};
/* End PBXFrameworksBuildPhase section */

/* Begin PBXGroup section */
		14D40B9B26D2D517008C6047 = {
			isa = PBXGroup;
			children = (
				14D40BA626D2D518008C6047 /* ToDoAlamofire */,
				14D40BA526D2D518008C6047 /* Products */,
			);
			sourceTree = "<group>";
		};
		14D40BA526D2D518008C6047 /* Products */ = {
			isa = PBXGroup;
			children = (
				14D40BA426D2D518008C6047 /* ToDoAlamofire.app */,
			);
			name = Products;
			sourceTree = "<group>";
		};
		14D40BA626D2D518008C6047 /* ToDoAlamofire */ = {
			isa = PBXGroup;
			children = (
				14D40BA726D2D518008C6047 /* AppDelegate.swift */,
				14D40BA926D2D518008C6047 /* SceneDelegate.swift */,
				14D40BAB26D2D518008C6047 /* ToDoViewController.swift */,
				14D46D2426D392C7001B7D8B /* ToDoTableViewCell.swift */,
				14D40BAD26D2D518008C6047 /* Main.storyboard */,
				14D40BB026D2D523008C6047 /* Assets.xcassets */,
				14D40BB226D2D523008C6047 /* LaunchScreen.storyboard */,
				14D40BB526D2D523008C6047 /* Info.plist */,
			);
			path = ToDoAlamofire;
			sourceTree = "<group>";
		};
/* End PBXGroup section */

/* Begin PBXNativeTarget section */
		14D40BA326D2D517008C6047 /* ToDoAlamofire */ = {
			isa = PBXNativeTarget;
			buildConfigurationList = 14D40BB826D2D523008C6047 /* Build configuration list for PBXNativeTarget "ToDoAlamofire" */;
			buildPhases = (
				14D40BA026D2D517008C6047 /* Sources */,
				14D40BA126D2D517008C6047 /* Frameworks */,
				14D40BA226D2D517008C6047 /* Resources */,
			);
			buildRules = (
			);
			dependencies = (
			);
			name = ToDoAlamofire;
			productName = ToDoAlamofire;
			productReference = 14D40BA426D2D518008C6047 /* ToDoAlamofire.app */;
			productType = "com.apple.product-type.application";
		};
/* End PBXNativeTarget section */

/* Begin PBXProject section */
		14D40B9C26D2D517008C6047 /* Project object */ = {
			isa = PBXProject;
			attributes = {
				LastSwiftUpdateCheck = 1250;
				LastUpgradeCheck = 1250;
				TargetAttributes = {
					14D40BA326D2D517008C6047 = {
						CreatedOnToolsVersion = 12.5.1;
					};
				};
			};
			buildConfigurationList = 14D40B9F26D2D517008C6047 /* Build configuration list for PBXProject "ToDoAlamofire" */;
			compatibilityVersion = "Xcode 9.3";
			developmentRegion = en;
			hasScannedForEncodings = 0;
			knownRegions = (
				en,
				Base,
			);
			mainGroup = 14D40B9B26D2D517008C6047;
			productRefGroup = 14D40BA526D2D518008C6047 /* Products */;
			projectDirPath = "";
			projectRoot = "";
			targets = (
				14D40BA326D2D517008C6047 /* ToDoAlamofire */,
			);
		};
/* End PBXProject section */

/* Begin PBXResourcesBuildPhase section */
		14D40BA226D2D517008C6047 /* Resources */ = {
			isa = PBXResourcesBuildPhase;
			buildActionMask = 2147483647;
			files = (
				14D40BB426D2D523008C6047 /* LaunchScreen.storyboard in Resources */,
				14D40BB126D2D523008C6047 /* Assets.xcassets in Resources */,
				14D40BAF26D2D518008C6047 /* Main.storyboard in Resources */,
			);
			runOnlyForDeploymentPostprocessing = 0;
		};
/* End PBXResourcesBuildPhase section */

/* Begin PBXSourcesBuildPhase section */
		14D40BA026D2D517008C6047 /* Sources */ = {
			isa = PBXSourcesBuildPhase;
			buildActionMask = 2147483647;
			files = (
				14D40BAC26D2D518008C6047 /* ToDoViewController.swift in Sources */,
				14D40BA826D2D518008C6047 /* AppDelegate.swift in Sources */,
				14D40BAA26D2D518008C6047 /* SceneDelegate.swift in Sources */,
				14D46D2526D392C7001B7D8B /* ToDoTableViewCell.swift in Sources */,
			);
			runOnlyForDeploymentPostprocessing = 0;
		};
/* End PBXSourcesBuildPhase section */

/* Begin PBXVariantGroup section */
		14D40BAD26D2D518008C6047 /* Main.storyboard */ = {
			isa = PBXVariantGroup;
			children = (
				14D40BAE26D2D518008C6047 /* Base */,
			);
			name = Main.storyboard;
			sourceTree = "<group>";
		};
		14D40BB226D2D523008C6047 /* LaunchScreen.storyboard */ = {
			isa = PBXVariantGroup;
			children = (
				14D40BB326D2D523008C6047 /* Base */,
			);
			name = LaunchScreen.storyboard;
			sourceTree = "<group>";
		};
/* End PBXVariantGroup section */

/* Begin XCBuildConfiguration section */
		14D40BB626D2D523008C6047 /* Debug */ = {
			isa = XCBuildConfiguration;
			buildSettings = {
				ALWAYS_SEARCH_USER_PATHS = NO;
				CLANG_ANALYZER_NONNULL = YES;
				CLANG_ANALYZER_NUMBER_OBJECT_CONVERSION = YES_AGGRESSIVE;
				CLANG_CXX_LANGUAGE_STANDARD = "gnu++14";
				CLANG_CXX_LIBRARY = "libc++";
				CLANG_ENABLE_MODULES = YES;
				CLANG_ENABLE_OBJC_ARC = YES;
				CLANG_ENABLE_OBJC_WEAK = YES;
				CLANG_WARN_BLOCK_CAPTURE_AUTORELEASING = YES;
				CLANG_WARN_BOOL_CONVERSION = YES;
				CLANG_WARN_COMMA = YES;
				CLANG_WARN_CONSTANT_CONVERSION = YES;
				CLANG_WARN_DEPRECATED_OBJC_IMPLEMENTATIONS = YES;
				CLANG_WARN_DIRECT_OBJC_ISA_USAGE = YES_ERROR;
				CLANG_WARN_DOCUMENTATION_COMMENTS = YES;
				CLANG_WARN_EMPTY_BODY = YES;
				CLANG_WARN_ENUM_CONVERSION = YES;
				CLANG_WARN_INFINITE_RECURSION = YES;
				CLANG_WARN_INT_CONVERSION = YES;
				CLANG_WARN_NON_LITERAL_NULL_CONVERSION = YES;
				CLANG_WARN_OBJC_IMPLICIT_RETAIN_SELF = YES;
				CLANG_WARN_OBJC_LITERAL_CONVERSION = YES;
				CLANG_WARN_OBJC_ROOT_CLASS = YES_ERROR;
				CLANG_WARN_QUOTED_INCLUDE_IN_FRAMEWORK_HEADER = YES;
				CLANG_WARN_RANGE_LOOP_ANALYSIS = YES;
				CLANG_WARN_STRICT_PROTOTYPES = YES;
				CLANG_WARN_SUSPICIOUS_MOVE = YES;
				CLANG_WARN_UNGUARDED_AVAILABILITY = YES_AGGRESSIVE;
				CLANG_WARN_UNREACHABLE_CODE = YES;
				CLANG_WARN__DUPLICATE_METHOD_MATCH = YES;
				COPY_PHASE_STRIP = NO;
				DEBUG_INFORMATION_FORMAT = dwarf;
				ENABLE_STRICT_OBJC_MSGSEND = YES;
				ENABLE_TESTABILITY = YES;
				GCC_C_LANGUAGE_STANDARD = gnu11;
				GCC_DYNAMIC_NO_PIC = NO;
				GCC_NO_COMMON_BLOCKS = YES;
				GCC_OPTIMIZATION_LEVEL = 0;
				GCC_PREPROCESSOR_DEFINITIONS = (
					"DEBUG=1",
					"$(inherited)",
				);
				GCC_WARN_64_TO_32_BIT_CONVERSION = YES;
				GCC_WARN_ABOUT_RETURN_TYPE = YES_ERROR;
				GCC_WARN_UNDECLARED_SELECTOR = YES;
				GCC_WARN_UNINITIALIZED_AUTOS = YES_AGGRESSIVE;
				GCC_WARN_UNUSED_FUNCTION = YES;
				GCC_WARN_UNUSED_VARIABLE = YES;
				IPHONEOS_DEPLOYMENT_TARGET = 14.5;
				MTL_ENABLE_DEBUG_INFO = INCLUDE_SOURCE;
				MTL_FAST_MATH = YES;
				ONLY_ACTIVE_ARCH = YES;
				SDKROOT = iphoneos;
				SWIFT_ACTIVE_COMPILATION_CONDITIONS = DEBUG;
				SWIFT_OPTIMIZATION_LEVEL = "-Onone";
			};
			name = Debug;
		};
		14D40BB726D2D523008C6047 /* Release */ = {
			isa = XCBuildConfiguration;
			buildSettings = {
				ALWAYS_SEARCH_USER_PATHS = NO;
				CLANG_ANALYZER_NONNULL = YES;
				CLANG_ANALYZER_NUMBER_OBJECT_CONVERSION = YES_AGGRESSIVE;
				CLANG_CXX_LANGUAGE_STANDARD = "gnu++14";
				CLANG_CXX_LIBRARY = "libc++";
				CLANG_ENABLE_MODULES = YES;
				CLANG_ENABLE_OBJC_ARC = YES;
				CLANG_ENABLE_OBJC_WEAK = YES;
				CLANG_WARN_BLOCK_CAPTURE_AUTORELEASING = YES;
				CLANG_WARN_BOOL_CONVERSION = YES;
				CLANG_WARN_COMMA = YES;
				CLANG_WARN_CONSTANT_CONVERSION = YES;
				CLANG_WARN_DEPRECATED_OBJC_IMPLEMENTATIONS = YES;
				CLANG_WARN_DIRECT_OBJC_ISA_USAGE = YES_ERROR;
				CLANG_WARN_DOCUMENTATION_COMMENTS = YES;
				CLANG_WARN_EMPTY_BODY = YES;
				CLANG_WARN_ENUM_CONVERSION = YES;
				CLANG_WARN_INFINITE_RECURSION = YES;
				CLANG_WARN_INT_CONVERSION = YES;
				CLANG_WARN_NON_LITERAL_NULL_CONVERSION = YES;
				CLANG_WARN_OBJC_IMPLICIT_RETAIN_SELF = YES;
				CLANG_WARN_OBJC_LITERAL_CONVERSION = YES;
				CLANG_WARN_OBJC_ROOT_CLASS = YES_ERROR;
				CLANG_WARN_QUOTED_INCLUDE_IN_FRAMEWORK_HEADER = YES;
				CLANG_WARN_RANGE_LOOP_ANALYSIS = YES;
				CLANG_WARN_STRICT_PROTOTYPES = YES;
				CLANG_WARN_SUSPICIOUS_MOVE = YES;
				CLANG_WARN_UNGUARDED_AVAILABILITY = YES_AGGRESSIVE;
				CLANG_WARN_UNREACHABLE_CODE = YES;
				CLANG_WARN__DUPLICATE_METHOD_MATCH = YES;
				COPY_PHASE_STRIP = NO;
				DEBUG_INFORMATION_FORMAT = "dwarf-with-dsym";
				ENABLE_NS_ASSERTIONS = NO;
				ENABLE_STRICT_OBJC_MSGSEND = YES;
				GCC_C_LANGUAGE_STANDARD = gnu11;
				GCC_NO_COMMON_BLOCKS = YES;
				GCC_WARN_64_TO_32_BIT_CONVERSION = YES;
				GCC_WARN_ABOUT_RETURN_TYPE = YES_ERROR;
				GCC_WARN_UNDECLARED_SELECTOR = YES;
				GCC_WARN_UNINITIALIZED_AUTOS = YES_AGGRESSIVE;
				GCC_WARN_UNUSED_FUNCTION = YES;
				GCC_WARN_UNUSED_VARIABLE = YES;
				IPHONEOS_DEPLOYMENT_TARGET = 14.5;
				MTL_ENABLE_DEBUG_INFO = NO;
				MTL_FAST_MATH = YES;
				SDKROOT = iphoneos;
				SWIFT_COMPILATION_MODE = wholemodule;
				SWIFT_OPTIMIZATION_LEVEL = "-O";
				VALIDATE_PRODUCT = YES;
			};
			name = Release;
		};
		14D40BB926D2D523008C6047 /* Debug */ = {
			isa = XCBuildConfiguration;
			buildSettings = {
				ASSETCATALOG_COMPILER_APPICON_NAME = AppIcon;
				ASSETCATALOG_COMPILER_GLOBAL_ACCENT_COLOR_NAME = AccentColor;
				CODE_SIGN_STYLE = Automatic;
				DEVELOPMENT_TEAM = 68FXT4UH73;
				INFOPLIST_FILE = ToDoAlamofire/Info.plist;
				LD_RUNPATH_SEARCH_PATHS = (
					"$(inherited)",
					"@executable_path/Frameworks",
				);
				PRODUCT_BUNDLE_IDENTIFIER = ru.egorskikh.ToDoAlamofire;
				PRODUCT_NAME = "$(TARGET_NAME)";
				SWIFT_VERSION = 5.0;
				TARGETED_DEVICE_FAMILY = "1,2";
			};
			name = Debug;
		};
		14D40BBA26D2D523008C6047 /* Release */ = {
			isa = XCBuildConfiguration;
			buildSettings = {
				ASSETCATALOG_COMPILER_APPICON_NAME = AppIcon;
				ASSETCATALOG_COMPILER_GLOBAL_ACCENT_COLOR_NAME = AccentColor;
				CODE_SIGN_STYLE = Automatic;
				DEVELOPMENT_TEAM = 68FXT4UH73;
				INFOPLIST_FILE = ToDoAlamofire/Info.plist;
				LD_RUNPATH_SEARCH_PATHS = (
					"$(inherited)",
					"@executable_path/Frameworks",
				);
				PRODUCT_BUNDLE_IDENTIFIER = ru.egorskikh.ToDoAlamofire;
				PRODUCT_NAME = "$(TARGET_NAME)";
				SWIFT_VERSION = 5.0;
				TARGETED_DEVICE_FAMILY = "1,2";
			};
			name = Release;
		};
/* End XCBuildConfiguration section */

/* Begin XCConfigurationList section */
		14D40B9F26D2D517008C6047 /* Build configuration list for PBXProject "ToDoAlamofire" */ = {
			isa = XCConfigurationList;
			buildConfigurations = (
				14D40BB626D2D523008C6047 /* Debug */,
				14D40BB726D2D523008C6047 /* Release */,
			);
			defaultConfigurationIsVisible = 0;
			defaultConfigurationName = Release;
		};
		14D40BB826D2D523008C6047 /* Build configuration list for PBXNativeTarget "ToDoAlamofire" */ = {
			isa = XCConfigurationList;
			buildConfigurations = (
				14D40BB926D2D523008C6047 /* Debug */,
				14D40BBA26D2D523008C6047 /* Release */,
			);
			defaultConfigurationIsVisible = 0;
			defaultConfigurationName = Release;
		};
/* End XCConfigurationList section */
	};
	rootObject = 14D40B9C26D2D517008C6047 /* Project object */;
}
